
Microsoft Visual Studio Solution File, Format Version 12.00
# Visual Studio Version 17
VisualStudioVersion = 17.4.33213.308
MinimumVisualStudioVersion = 10.0.40219.1
Project("{888888A0-9F3D-457C-B088-3A5042F75D52}") = "Miles", "Miles.pyproj", "{8A410C49-660F-4119-85EE-9834B83BAA05}"
EndProject
Global
	GlobalSection(SolutionConfigurationPlatforms) = preSolution
		Debug|Any CPU = Debug|Any CPU
		Release|Any CPU = Release|Any CPU
	EndGlobalSection
	GlobalSection(ProjectConfigurationPlatforms) = postSolution
		{8A410C49-660F-4119-85EE-9834B83BAA05}.Debug|Any CPU.ActiveCfg = Debug|Any CPU
		{8A410C49-660F-4119-85EE-9834B83BAA05}.Release|Any CPU.ActiveCfg = Release|Any CPU
	EndGlobalSection
	GlobalSection(SolutionProperties) = preSolution
		HideSolutionNode = FALSE
	EndGlobalSection
	GlobalSection(ExtensibilityGlobals) = postSolution
		SolutionGuid = {882CD73D-169D-4DC1-99C8-4EE7E80127D2}
	EndGlobalSection
EndGlobal
